PODS:
  - bdk_flutter (0.28.0):
    - Flutter
  - Flutter (1.0.0)
  - flutter_secure_storage (6.0.0):
    - Flutter
  - ldk_node (0.1.0):
    - Flutter

DEPENDENCIES:
  - bdk_flutter (from `.symlinks/plugins/bdk_flutter/ios`)
  - Flutter (from `Flutter`)
  - flutter_secure_storage (from `.symlinks/plugins/flutter_secure_storage/ios`)
  - ldk_node (from `.symlinks/plugins/ldk_node/ios`)

EXTERNAL SOURCES:
  bdk_flutter:
    :path: ".symlinks/plugins/bdk_flutter/ios"
  Flutter:
    :path: Flutter
  flutter_secure_storage:
    :path: ".symlinks/plugins/flutter_secure_storage/ios"
  ldk_node:
    :path: ".symlinks/plugins/ldk_node/ios"

SPEC CHECKSUMS:
  bdk_flutter: 606f35fb59c99b9894a2a80cca66f9ccc824506b
  Flutter: f04841e97a9d0b0a8025694d0796dd46242b2854
  flutter_secure_storage: 23fc622d89d073675f2eaa109381aefbcf5a49be
  ldk_node: a8583b127353e571e428397e9f4cef7d5b0f78d0

PODFILE CHECKSUM: ce13d36744da294d67f8e460dbb7aed7c09bd7f4

COCOAPODS: 1.11.2
